{
  "name": "scharts",
  "version": "1.0.0",
  "lockfileVersion": 1,
  "dependencies": {
    "typescript": {
      "version": "2.7.1",
      "resolved": "http://registry.npm.taobao.org/typescript/download/typescript-2.7.1.tgz",
      "integrity": "sha1-uzaCwseRrJDnxiELJkeKjaCFw1k=",
      "dev": true
    }
  }
}
